
Microsoft Visual Studio Solution File, Format Version 12.00
# Visual Studio 14
VisualStudioVersion = 14.0.25420.1
MinimumVisualStudioVersion = 10.0.40219.1
Project("{FAE04EC0-301F-11D3-BF4B-00C04F79EFBC}") = "PmaRssReader", "PmaRssReader\PmaRssReader.csproj", "{CCB9B265-215D-47AB-9AD9-BB9433B1A0A0}"
EndProject
Project("{FAE04EC0-301F-11D3-BF4B-00C04F79EFBC}") = "RssConsumption", "RssConsumption\RssConsumption.csproj", "{F8C8C55C-5F02-4491-974D-CFD32C3DDE53}"
EndProject
Global
	GlobalSection(SolutionConfigurationPlatforms) = preSolution
		Debug|Any CPU = Debug|Any CPU
		Release|Any CPU = Release|Any CPU
	EndGlobalSection
	GlobalSection(ProjectConfigurationPlatforms) = postSolution
		{CCB9B265-215D-47AB-9AD9-BB9433B1A0A0}.Debug|Any CPU.ActiveCfg = Debug|Any CPU
		{CCB9B265-215D-47AB-9AD9-BB9433B1A0A0}.Debug|Any CPU.Build.0 = Debug|Any CPU
		{CCB9B265-215D-47AB-9AD9-BB9433B1A0A0}.Release|Any CPU.ActiveCfg = Release|Any CPU
		{CCB9B265-215D-47AB-9AD9-BB9433B1A0A0}.Release|Any CPU.Build.0 = Release|Any CPU
		{F8C8C55C-5F02-4491-974D-CFD32C3DDE53}.Debug|Any CPU.ActiveCfg = Debug|Any CPU
		{F8C8C55C-5F02-4491-974D-CFD32C3DDE53}.Debug|Any CPU.Build.0 = Debug|Any CPU
		{F8C8C55C-5F02-4491-974D-CFD32C3DDE53}.Release|Any CPU.ActiveCfg = Release|Any CPU
		{F8C8C55C-5F02-4491-974D-CFD32C3DDE53}.Release|Any CPU.Build.0 = Release|Any CPU
	EndGlobalSection
	GlobalSection(SolutionProperties) = preSolution
		HideSolutionNode = FALSE
	EndGlobalSection
EndGlobal
